// !$*UTF8*$!
{
	archiveVersion = 1;
	classes = {
	};
	objectVersion = 46;
	objects = {

/* Begin PBXBuildFile section */
		EC3A22641E568A52000398DA /* AppDelegate.swift in Sources */ = {isa = PBXBuildFile; fileRef = EC3A22631E568A52000398DA /* AppDelegate.swift */; };
		EC3A22661E568A52000398DA /* ViewController.swift in Sources */ = {isa = PBXBuildFile; fileRef = EC3A22651E568A52000398DA /* ViewController.swift */; };
		EC3A22691E568A52000398DA /* Main.storyboard in Resources */ = {isa = PBXBuildFile; fileRef = EC3A22671E568A52000398DA /* Main.storyboard */; };
		EC3A226B1E568A52000398DA /* Assets.xcassets in Resources */ = {isa = PBXBuildFile; fileRef = EC3A226A1E568A52000398DA /* Assets.xcassets */; };
		EC3A226E1E568A52000398DA /* LaunchScreen.storyboard in Resources */ = {isa = PBXBuildFile; fileRef = EC3A226C1E568A52000398DA /* LaunchScreen.storyboard */; };
/* End PBXBuildFile section */

/* Begin PBXFileReference section */
		EC3A22601E568A52000398DA /* homeworkfive.app */ = {isa = PBXFileReference; explicitFileType = wrapper.application; includeInIndex = 0; path = homeworkfive.app; sourceTree = BUILT_PRODUCTS_DIR; };
		EC3A22631E568A52000398DA /* AppDelegate.swift */ = {isa = PBXFileReference; lastKnownFileType = sourcecode.swift; path = AppDelegate.swift; sourceTree = "<group>"; };
		EC3A22651E568A52000398DA /* ViewController.swift */ = {isa = PBXFileReference; lastKnownFileType = sourcecode.swift; path = ViewController.swift; sourceTree = "<group>"; };
		EC3A22681E568A52000398DA /* Base */ = {isa = PBXFileReference; lastKnownFileType = file.storyboard; name = Base; path = Base.lproj/Main.storyboard; sourceTree = "<group>"; };
		EC3A226A1E568A52000398DA /* Assets.xcassets */ = {isa = PBXFileReference; lastKnownFileType = folder.assetcatalog; path = Assets.xcassets; sourceTree = "<group>"; };
		EC3A226D1E568A52000398DA /* Base */ = {isa = PBXFileReference; lastKnownFileType = file.storyboard; name = Base; path = Base.lproj/LaunchScreen.storyboard; sourceTree = "<group>"; };
		EC3A226F1E568A52000398DA /* Info.plist */ = {isa = PBXFileReference; lastKnownFileType = text.plist.xml; path = Info.plist; sourceTree = "<group>"; };
		EC3A22751E568A9B000398DA /* 1.playground */ = {isa = PBXFileReference; lastKnownFileType = file.playground; path = 1.playground; sourceTree = "<group>"; };
		EC3A22761E568BAA000398DA /* 2.playground */ = {isa = PBXFileReference; lastKnownFileType = file.playground; path = 2.playground; sourceTree = "<group>"; };
		EC3A22771E568BDD000398DA /* 3.playground */ = {isa = PBXFileReference; lastKnownFileType = file.playground; path = 3.playground; sourceTree = "<group>"; };
		EC3A22781E568BEC000398DA /* 4.playground */ = {isa = PBXFileReference; lastKnownFileType = file.playground; path = 4.playground; sourceTree = "<group>"; };
/* End PBXFileReference section */

/* Begin PBXFrameworksBuildPhase section */
		EC3A225D1E568A52000398DA /* Frameworks */ = {
			isa = PBXFrameworksBuildPhase;
			buildActionMask = 2147483647;
			files = (
			);
			runOnlyForDeploymentPostprocessing = 0;
		};
/* End PBXFrameworksBuildPhase section */

/* Begin PBXGroup section */
		EC3A22571E568A52000398DA = {
			isa = PBXGroup;
			children = (
				EC3A22781E568BEC000398DA /* 4.playground */,
				EC3A22771E568BDD000398DA /* 3.playground */,
				EC3A22761E568BAA000398DA /* 2.playground */,
				EC3A22751E568A9B000398DA /* 1.playground */,
				EC3A22621E568A52000398DA /* homeworkfive */,
				EC3A22611E568A52000398DA /* Products */,
			);
			sourceTree = "<group>";
		};
		EC3A22611E568A52000398DA /* Products */ = {
			isa = PBXGroup;
			children = (
				EC3A22601E568A52000398DA /* homeworkfive.app */,
			);
			name = Products;
			sourceTree = "<group>";
		};
		EC3A22621E568A52000398DA /* homeworkfive */ = {
			isa = PBXGroup;
			children = (
				EC3A22631E568A52000398DA /* AppDelegate.swift */,
				EC3A22651E568A52000398DA /* ViewController.swift */,
				EC3A22671E568A52000398DA /* Main.storyboard */,
				EC3A226A1E568A52000398DA /* Assets.xcassets */,
				EC3A226C1E568A52000398DA /* LaunchScreen.storyboard */,
				EC3A226F1E568A52000398DA /* Info.plist */,
			);
			path = homeworkfive;
			sourceTree = "<group>";
		};
/* End PBXGroup section */

/* Begin PBXNativeTarget section */
		EC3A225F1E568A52000398DA /* homeworkfive */ = {
			isa = PBXNativeTarget;
			buildConfigurationList = EC3A22721E568A52000398DA /* Build configuration list for PBXNativeTarget "homeworkfive" */;
			buildPhases = (
				EC3A225C1E568A52000398DA /* Sources */,
				EC3A225D1E568A52000398DA /* Frameworks */,
				EC3A225E1E568A52000398DA /* Resources */,
			);
			buildRules = (
			);
			dependencies = (
			);
			name = homeworkfive;
			productName = homeworkfive;
			productReference = EC3A22601E568A52000398DA /* homeworkfive.app */;
			productType = "com.apple.product-type.application";
		};
/* End PBXNativeTarget section */

/* Begin PBXProject section */
		EC3A22581E568A52000398DA /* Project object */ = {
			isa = PBXProject;
			attributes = {
				LastSwiftUpdateCheck = 0820;
				LastUpgradeCheck = 0820;
				ORGANIZATIONNAME = "Kinki Lai";
				TargetAttributes = {
					EC3A225F1E568A52000398DA = {
						CreatedOnToolsVersion = 8.2.1;
						ProvisioningStyle = Automatic;
					};
				};
			};
			buildConfigurationList = EC3A225B1E568A52000398DA /* Build configuration list for PBXProject "homeworkfive" */;
			compatibilityVersion = "Xcode 3.2";
			developmentRegion = English;
			hasScannedForEncodings = 0;
			knownRegions = (
				en,
				Base,
			);
			mainGroup = EC3A22571E568A52000398DA;
			productRefGroup = EC3A22611E568A52000398DA /* Products */;
			projectDirPath = "";
			projectRoot = "";
			targets = (
				EC3A225F1E568A52000398DA /* homeworkfive */,
			);
		};
/* End PBXProject section */

/* Begin PBXResourcesBuildPhase section */
		EC3A225E1E568A52000398DA /* Resources */ = {
			isa = PBXResourcesBuildPhase;
			buildActionMask = 2147483647;
			files = (
				EC3A226E1E568A52000398DA /* LaunchScreen.storyboard in Resources */,
				EC3A226B1E568A52000398DA /* Assets.xcassets in Resources */,
				EC3A22691E568A52000398DA /* Main.storyboard in Resources */,
			);
			runOnlyForDeploymentPostprocessing = 0;
		};
/* End PBXResourcesBuildPhase section */

/* Begin PBXSourcesBuildPhase section */
		EC3A225C1E568A52000398DA /* Sources */ = {
			isa = PBXSourcesBuildPhase;
			buildActionMask = 2147483647;
			files = (
				EC3A22661E568A52000398DA /* ViewController.swift in Sources */,
				EC3A22641E568A52000398DA /* AppDelegate.swift in Sources */,
			);
			runOnlyForDeploymentPostprocessing = 0;
		};
/* End PBXSourcesBuildPhase section */

/* Begin PBXVariantGroup section */
		EC3A22671E568A52000398DA /* Main.storyboard */ = {
			isa = PBXVariantGroup;
			children = (
				EC3A22681E568A52000398DA /* Base */,
			);
			name = Main.storyboard;
			sourceTree = "<group>";
		};
		EC3A226C1E568A52000398DA /* LaunchScreen.storyboard */ = {
			isa = PBXVariantGroup;
			children = (
				EC3A226D1E568A52000398DA /* Base */,
			);
			name = LaunchScreen.storyboard;
			sourceTree = "<group>";
		};
/* End PBXVariantGroup section */

/* Begin XCBuildConfiguration section */
		EC3A22701E568A52000398DA /* Debug */ = {
			isa = XCBuildConfiguration;
			buildSettings = {
				ALWAYS_SEARCH_USER_PATHS = NO;
				CLANG_ANALYZER_NONNULL = YES;
				CLANG_CXX_LANGUAGE_STANDARD = "gnu++0x";
				CLANG_CXX_LIBRARY = "libc++";
				CLANG_ENABLE_MODULES = YES;
				CLANG_ENABLE_OBJC_ARC = YES;
				CLANG_WARN_BOOL_CONVERSION = YES;
				CLANG_WARN_CONSTANT_CONVERSION = YES;
				CLANG_WARN_DIRECT_OBJC_ISA_USAGE = YES_ERROR;
				CLANG_WARN_DOCUMENTATION_COMMENTS = YES;
				CLANG_WARN_EMPTY_BODY = YES;
				CLANG_WARN_ENUM_CONVERSION = YES;
				CLANG_WARN_INFINITE_RECURSION = YES;
				CLANG_WARN_INT_CONVERSION = YES;
				CLANG_WARN_OBJC_ROOT_CLASS = YES_ERROR;
				CLANG_WARN_SUSPICIOUS_MOVE = YES;
				CLANG_WARN_UNREACHABLE_CODE = YES;
				CLANG_WARN__DUPLICATE_METHOD_MATCH = YES;
				"CODE_SIGN_IDENTITY[sdk=iphoneos*]" = "iPhone Developer";
				COPY_PHASE_STRIP = NO;
				DEBUG_INFORMATION_FORMAT = dwarf;
				ENABLE_STRICT_OBJC_MSGSEND = YES;
				ENABLE_TESTABILITY = YES;
				GCC_C_LANGUAGE_STANDARD = gnu99;
				GCC_DYNAMIC_NO_PIC = NO;
				GCC_NO_COMMON_BLOCKS = YES;
				GCC_OPTIMIZATION_LEVEL = 0;
				GCC_PREPROCESSOR_DEFINITIONS = (
					"DEBUG=1",
					"$(inherited)",
				);
				GCC_WARN_64_TO_32_BIT_CONVERSION = YES;
				GCC_WARN_ABOUT_RETURN_TYPE = YES_ERROR;
				GCC_WARN_UNDECLARED_SELECTOR = YES;
				GCC_WARN_UNINITIALIZED_AUTOS = YES_AGGRESSIVE;
				GCC_WARN_UNUSED_FUNCTION = YES;
				GCC_WARN_UNUSED_VARIABLE = YES;
				IPHONEOS_DEPLOYMENT_TARGET = 10.2;
				MTL_ENABLE_DEBUG_INFO = YES;
				ONLY_ACTIVE_ARCH = YES;
				SDKROOT = iphoneos;
				SWIFT_ACTIVE_COMPILATION_CONDITIONS = DEBUG;
				SWIFT_OPTIMIZATION_LEVEL = "-Onone";
				TARGETED_DEVICE_FAMILY = "1,2";
			};
			name = Debug;
		};
		EC3A22711E568A52000398DA /* Release */ = {
			isa = XCBuildConfiguration;
			buildSettings = {
				ALWAYS_SEARCH_USER_PATHS = NO;
				CLANG_ANALYZER_NONNULL = YES;
				CLANG_CXX_LANGUAGE_STANDARD = "gnu++0x";
				CLANG_CXX_LIBRARY = "libc++";
				CLANG_ENABLE_MODULES = YES;
				CLANG_ENABLE_OBJC_ARC = YES;
				CLANG_WARN_BOOL_CONVERSION = YES;
				CLANG_WARN_CONSTANT_CONVERSION = YES;
				CLANG_WARN_DIRECT_OBJC_ISA_USAGE = YES_ERROR;
				CLANG_WARN_DOCUMENTATION_COMMENTS = YES;
				CLANG_WARN_EMPTY_BODY = YES;
				CLANG_WARN_ENUM_CONVERSION = YES;
				CLANG_WARN_INFINITE_RECURSION = YES;
				CLANG_WARN_INT_CONVERSION = YES;
				CLANG_WARN_OBJC_ROOT_CLASS = YES_ERROR;
				CLANG_WARN_SUSPICIOUS_MOVE = YES;
				CLANG_WARN_UNREACHABLE_CODE = YES;
				CLANG_WARN__DUPLICATE_METHOD_MATCH = YES;
				"CODE_SIGN_IDENTITY[sdk=iphoneos*]" = "iPhone Developer";
				COPY_PHASE_STRIP = NO;
				DEBUG_INFORMATION_FORMAT = "dwarf-with-dsym";
				ENABLE_NS_ASSERTIONS = NO;
				ENABLE_STRICT_OBJC_MSGSEND = YES;
				GCC_C_LANGUAGE_STANDARD = gnu99;
				GCC_NO_COMMON_BLOCKS = YES;
				GCC_WARN_64_TO_32_BIT_CONVERSION = YES;
				GCC_WARN_ABOUT_RETURN_TYPE = YES_ERROR;
				GCC_WARN_UNDECLARED_SELECTOR = YES;
				GCC_WARN_UNINITIALIZED_AUTOS = YES_AGGRESSIVE;
				GCC_WARN_UNUSED_FUNCTION = YES;
				GCC_WARN_UNUSED_VARIABLE = YES;
				IPHONEOS_DEPLOYMENT_TARGET = 10.2;
				MTL_ENABLE_DEBUG_INFO = NO;
				SDKROOT = iphoneos;
				SWIFT_OPTIMIZATION_LEVEL = "-Owholemodule";
				TARGETED_DEVICE_FAMILY = "1,2";
				VALIDATE_PRODUCT = YES;
			};
			name = Release;
		};
		EC3A22731E568A52000398DA /* Debug */ = {
			isa = XCBuildConfiguration;
			buildSettings = {
				ASSETCATALOG_COMPILER_APPICON_NAME = AppIcon;
				INFOPLIST_FILE = homeworkfive/Info.plist;
				LD_RUNPATH_SEARCH_PATHS = "$(inherited) @executable_path/Frameworks";
				PRODUCT_BUNDLE_IDENTIFIER = com.kinkijay.homeworkfive;
				PRODUCT_NAME = "$(TARGET_NAME)";
				SWIFT_VERSION = 3.0;
			};
			name = Debug;
		};
		EC3A22741E568A52000398DA /* Release */ = {
			isa = XCBuildConfiguration;
			buildSettings = {
				ASSETCATALOG_COMPILER_APPICON_NAME = AppIcon;
				INFOPLIST_FILE = homeworkfive/Info.plist;
				LD_RUNPATH_SEARCH_PATHS = "$(inherited) @executable_path/Frameworks";
				PRODUCT_BUNDLE_IDENTIFIER = com.kinkijay.homeworkfive;
				PRODUCT_NAME = "$(TARGET_NAME)";
				SWIFT_VERSION = 3.0;
			};
			name = Release;
		};
/* End XCBuildConfiguration section */

/* Begin XCConfigurationList section */
		EC3A225B1E568A52000398DA /* Build configuration list for PBXProject "homeworkfive" */ = {
			isa = XCConfigurationList;
			buildConfigurations = (
				EC3A22701E568A52000398DA /* Debug */,
				EC3A22711E568A52000398DA /* Release */,
			);
			defaultConfigurationIsVisible = 0;
			defaultConfigurationName = Release;
		};
		EC3A22721E568A52000398DA /* Build configuration list for PBXNativeTarget "homeworkfive" */ = {
			isa = XCConfigurationList;
			buildConfigurations = (
				EC3A22731E568A52000398DA /* Debug */,
				EC3A22741E568A52000398DA /* Release */,
			);
			defaultConfigurationIsVisible = 0;
		};
/* End XCConfigurationList section */
	};
	rootObject = EC3A22581E568A52000398DA /* Project object */;
}
